
Microsoft Visual Studio Solution File, Format Version 12.00
# Visual Studio Version 16
VisualStudioVersion = 16.0.31112.23
MinimumVisualStudioVersion = 10.0.40219.1
Project("{9A19103F-16F7-4668-BE54-9A1E7A4F7556}") = "CitizenApi", "DotNetDemo\CitizenApi.csproj", "{C450E253-32FA-4B3F-B075-6C7A311AFAAB}"
EndProject
Project("{FAE04EC0-301F-11D3-BF4B-00C04F79EFBC}") = "WarnCitizen", "WarnCitizen\WarnCitizen.csproj", "{B9B2E910-5E3E-47C5-AEF5-8B428C1612F8}"
	ProjectSection(ProjectDependencies) = postProject
		{C450E253-32FA-4B3F-B075-6C7A311AFAAB} = {C450E253-32FA-4B3F-B075-6C7A311AFAAB}
	EndProjectSection
EndProject
Global
	GlobalSection(SolutionConfigurationPlatforms) = preSolution
		Debug|Any CPU = Debug|Any CPU
		Release|Any CPU = Release|Any CPU
	EndGlobalSection
	GlobalSection(ProjectConfigurationPlatforms) = postSolution
		{C450E253-32FA-4B3F-B075-6C7A311AFAAB}.Debug|Any CPU.ActiveCfg = Debug|Any CPU
		{C450E253-32FA-4B3F-B075-6C7A311AFAAB}.Debug|Any CPU.Build.0 = Debug|Any CPU
		{C450E253-32FA-4B3F-B075-6C7A311AFAAB}.Release|Any CPU.ActiveCfg = Release|Any CPU
		{C450E253-32FA-4B3F-B075-6C7A311AFAAB}.Release|Any CPU.Build.0 = Release|Any CPU
		{B9B2E910-5E3E-47C5-AEF5-8B428C1612F8}.Debug|Any CPU.ActiveCfg = Debug|Any CPU
		{B9B2E910-5E3E-47C5-AEF5-8B428C1612F8}.Debug|Any CPU.Build.0 = Debug|Any CPU
		{B9B2E910-5E3E-47C5-AEF5-8B428C1612F8}.Release|Any CPU.ActiveCfg = Release|Any CPU
		{B9B2E910-5E3E-47C5-AEF5-8B428C1612F8}.Release|Any CPU.Build.0 = Release|Any CPU
	EndGlobalSection
	GlobalSection(SolutionProperties) = preSolution
		HideSolutionNode = FALSE
	EndGlobalSection
	GlobalSection(ExtensibilityGlobals) = postSolution
		SolutionGuid = {DA07B131-F062-4EE2-B11D-32AFB64C5E69}
	EndGlobalSection
EndGlobal
